
Microsoft Visual Studio Solution File, Format Version 12.00
# Visual Studio Version 16
VisualStudioVersion = 16.0.30011.22
MinimumVisualStudioVersion = 10.0.40219.1
Project("{8BC9CEB8-8B4A-11D0-8D11-00A0C91BC942}") = "gabuzomeu", "gabuzomeu\gabuzomeu.vcxproj", "{BE8E8F9C-3655-4B34-B705-20A5200349D9}"
EndProject
Project("{8BC9CEB8-8B4A-11D0-8D11-00A0C91BC942}") = "PhraseGenerator", "PhraseGenerator\PhraseGenerator.vcxproj", "{A5DE34C4-BE65-41F2-89C6-2ED8E1A1F103}"
EndProject
Project("{8BC9CEB8-8B4A-11D0-8D11-00A0C91BC942}") = "NumberGenerator", "NumberGenerator\NumberGenerator.vcxproj", "{1E292483-DA8F-4A50-8D09-47F65C85EA82}"
EndProject
Project("{8BC9CEB8-8B4A-11D0-8D11-00A0C91BC942}") = "XXLengthGenerator", "XXLengthGenerator\XXLengthGenerator.vcxproj", "{220E271C-23AC-4EAC-B344-A203F8EC5B09}"
EndProject
Project("{8BC9CEB8-8B4A-11D0-8D11-00A0C91BC942}") = "SpaceGenerator", "SpaceGenerator\SpaceGenerator.vcxproj", "{02955C67-4020-41D0-A26E-20CBCE4BD4B9}"
EndProject
Project("{8BC9CEB8-8B4A-11D0-8D11-00A0C91BC942}") = "DataAsCodeGenerator", "DataAsCodeGenerator\DataAsCodeGenerator.vcxproj", "{0B869F0C-071C-42E0-991D-B3F32004CACA}"
EndProject
Project("{8BC9CEB8-8B4A-11D0-8D11-00A0C91BC942}") = "CharToCharGenerator", "CharToCharGenerator\CharToCharGenerator.vcxproj", "{B90B5E1F-2E38-43B0-88CF-609D37EE06C3}"
EndProject
Project("{8BC9CEB8-8B4A-11D0-8D11-00A0C91BC942}") = "RuleOfThree", "RuleOfThree\RuleOfThree.vcxproj", "{3CAA5E7E-2D5C-4696-B3FB-2DD916BA062C}"
EndProject
Project("{8BC9CEB8-8B4A-11D0-8D11-00A0C91BC942}") = "ni", "ni\ni.vcxproj", "{34045349-C4CC-4DC9-BACA-1F639857522C}"
EndProject
Project("{8BC9CEB8-8B4A-11D0-8D11-00A0C91BC942}") = "UnitTest", "UnitTest\UnitTest.vcxproj", "{ADCB1902-DDDA-4EB2-880B-FE4AC649CDA7}"
EndProject
Global
	GlobalSection(SolutionConfigurationPlatforms) = preSolution
		Debug|x64 = Debug|x64
		Debug|x86 = Debug|x86
		Release|x64 = Release|x64
		Release|x86 = Release|x86
	EndGlobalSection
	GlobalSection(ProjectConfigurationPlatforms) = postSolution
		{BE8E8F9C-3655-4B34-B705-20A5200349D9}.Debug|x64.ActiveCfg = Debug|x64
		{BE8E8F9C-3655-4B34-B705-20A5200349D9}.Debug|x64.Build.0 = Debug|x64
		{BE8E8F9C-3655-4B34-B705-20A5200349D9}.Debug|x86.ActiveCfg = Debug|Win32
		{BE8E8F9C-3655-4B34-B705-20A5200349D9}.Debug|x86.Build.0 = Debug|Win32
		{BE8E8F9C-3655-4B34-B705-20A5200349D9}.Release|x64.ActiveCfg = Release|x64
		{BE8E8F9C-3655-4B34-B705-20A5200349D9}.Release|x64.Build.0 = Release|x64
		{BE8E8F9C-3655-4B34-B705-20A5200349D9}.Release|x86.ActiveCfg = Release|Win32
		{BE8E8F9C-3655-4B34-B705-20A5200349D9}.Release|x86.Build.0 = Release|Win32
		{A5DE34C4-BE65-41F2-89C6-2ED8E1A1F103}.Debug|x64.ActiveCfg = Debug|x64
		{A5DE34C4-BE65-41F2-89C6-2ED8E1A1F103}.Debug|x64.Build.0 = Debug|x64
		{A5DE34C4-BE65-41F2-89C6-2ED8E1A1F103}.Debug|x86.ActiveCfg = Debug|Win32
		{A5DE34C4-BE65-41F2-89C6-2ED8E1A1F103}.Debug|x86.Build.0 = Debug|Win32
		{A5DE34C4-BE65-41F2-89C6-2ED8E1A1F103}.Release|x64.ActiveCfg = Release|x64
		{A5DE34C4-BE65-41F2-89C6-2ED8E1A1F103}.Release|x64.Build.0 = Release|x64
		{A5DE34C4-BE65-41F2-89C6-2ED8E1A1F103}.Release|x86.ActiveCfg = Release|Win32
		{A5DE34C4-BE65-41F2-89C6-2ED8E1A1F103}.Release|x86.Build.0 = Release|Win32
		{1E292483-DA8F-4A50-8D09-47F65C85EA82}.Debug|x64.ActiveCfg = Debug|x64
		{1E292483-DA8F-4A50-8D09-47F65C85EA82}.Debug|x64.Build.0 = Debug|x64
		{1E292483-DA8F-4A50-8D09-47F65C85EA82}.Debug|x86.ActiveCfg = Debug|Win32
		{1E292483-DA8F-4A50-8D09-47F65C85EA82}.Debug|x86.Build.0 = Debug|Win32
		{1E292483-DA8F-4A50-8D09-47F65C85EA82}.Release|x64.ActiveCfg = Release|x64
		{1E292483-DA8F-4A50-8D09-47F65C85EA82}.Release|x64.Build.0 = Release|x64
		{1E292483-DA8F-4A50-8D09-47F65C85EA82}.Release|x86.ActiveCfg = Release|Win32
		{1E292483-DA8F-4A50-8D09-47F65C85EA82}.Release|x86.Build.0 = Release|Win32
		{220E271C-23AC-4EAC-B344-A203F8EC5B09}.Debug|x64.ActiveCfg = Debug|x64
		{220E271C-23AC-4EAC-B344-A203F8EC5B09}.Debug|x64.Build.0 = Debug|x64
		{220E271C-23AC-4EAC-B344-A203F8EC5B09}.Debug|x86.ActiveCfg = Debug|Win32
		{220E271C-23AC-4EAC-B344-A203F8EC5B09}.Debug|x86.Build.0 = Debug|Win32
		{220E271C-23AC-4EAC-B344-A203F8EC5B09}.Release|x64.ActiveCfg = Release|x64
		{220E271C-23AC-4EAC-B344-A203F8EC5B09}.Release|x64.Build.0 = Release|x64
		{220E271C-23AC-4EAC-B344-A203F8EC5B09}.Release|x86.ActiveCfg = Release|Win32
		{220E271C-23AC-4EAC-B344-A203F8EC5B09}.Release|x86.Build.0 = Release|Win32
		{02955C67-4020-41D0-A26E-20CBCE4BD4B9}.Debug|x64.ActiveCfg = Debug|x64
		{02955C67-4020-41D0-A26E-20CBCE4BD4B9}.Debug|x64.Build.0 = Debug|x64
		{02955C67-4020-41D0-A26E-20CBCE4BD4B9}.Debug|x86.ActiveCfg = Debug|Win32
		{02955C67-4020-41D0-A26E-20CBCE4BD4B9}.Debug|x86.Build.0 = Debug|Win32
		{02955C67-4020-41D0-A26E-20CBCE4BD4B9}.Release|x64.ActiveCfg = Release|x64
		{02955C67-4020-41D0-A26E-20CBCE4BD4B9}.Release|x64.Build.0 = Release|x64
		{02955C67-4020-41D0-A26E-20CBCE4BD4B9}.Release|x86.ActiveCfg = Release|Win32
		{02955C67-4020-41D0-A26E-20CBCE4BD4B9}.Release|x86.Build.0 = Release|Win32
		{0B869F0C-071C-42E0-991D-B3F32004CACA}.Debug|x64.ActiveCfg = Debug|x64
		{0B869F0C-071C-42E0-991D-B3F32004CACA}.Debug|x64.Build.0 = Debug|x64
		{0B869F0C-071C-42E0-991D-B3F32004CACA}.Debug|x86.ActiveCfg = Debug|Win32
		{0B869F0C-071C-42E0-991D-B3F32004CACA}.Debug|x86.Build.0 = Debug|Win32
		{0B869F0C-071C-42E0-991D-B3F32004CACA}.Release|x64.ActiveCfg = Release|x64
		{0B869F0C-071C-42E0-991D-B3F32004CACA}.Release|x64.Build.0 = Release|x64
		{0B869F0C-071C-42E0-991D-B3F32004CACA}.Release|x86.ActiveCfg = Release|Win32
		{0B869F0C-071C-42E0-991D-B3F32004CACA}.Release|x86.Build.0 = Release|Win32
		{B90B5E1F-2E38-43B0-88CF-609D37EE06C3}.Debug|x64.ActiveCfg = Debug|x64
		{B90B5E1F-2E38-43B0-88CF-609D37EE06C3}.Debug|x64.Build.0 = Debug|x64
		{B90B5E1F-2E38-43B0-88CF-609D37EE06C3}.Debug|x86.ActiveCfg = Debug|Win32
		{B90B5E1F-2E38-43B0-88CF-609D37EE06C3}.Debug|x86.Build.0 = Debug|Win32
		{B90B5E1F-2E38-43B0-88CF-609D37EE06C3}.Release|x64.ActiveCfg = Release|x64
		{B90B5E1F-2E38-43B0-88CF-609D37EE06C3}.Release|x64.Build.0 = Release|x64
		{B90B5E1F-2E38-43B0-88CF-609D37EE06C3}.Release|x86.ActiveCfg = Release|Win32
		{B90B5E1F-2E38-43B0-88CF-609D37EE06C3}.Release|x86.Build.0 = Release|Win32
		{3CAA5E7E-2D5C-4696-B3FB-2DD916BA062C}.Debug|x64.ActiveCfg = Debug|x64
		{3CAA5E7E-2D5C-4696-B3FB-2DD916BA062C}.Debug|x64.Build.0 = Debug|x64
		{3CAA5E7E-2D5C-4696-B3FB-2DD916BA062C}.Debug|x86.ActiveCfg = Debug|Win32
		{3CAA5E7E-2D5C-4696-B3FB-2DD916BA062C}.Debug|x86.Build.0 = Debug|Win32
		{3CAA5E7E-2D5C-4696-B3FB-2DD916BA062C}.Release|x64.ActiveCfg = Release|x64
		{3CAA5E7E-2D5C-4696-B3FB-2DD916BA062C}.Release|x64.Build.0 = Release|x64
		{3CAA5E7E-2D5C-4696-B3FB-2DD916BA062C}.Release|x86.ActiveCfg = Release|Win32
		{3CAA5E7E-2D5C-4696-B3FB-2DD916BA062C}.Release|x86.Build.0 = Release|Win32
		{34045349-C4CC-4DC9-BACA-1F639857522C}.Debug|x64.ActiveCfg = Debug|x64
		{34045349-C4CC-4DC9-BACA-1F639857522C}.Debug|x64.Build.0 = Debug|x64
		{34045349-C4CC-4DC9-BACA-1F639857522C}.Debug|x86.ActiveCfg = Debug|Win32
		{34045349-C4CC-4DC9-BACA-1F639857522C}.Debug|x86.Build.0 = Debug|Win32
		{34045349-C4CC-4DC9-BACA-1F639857522C}.Release|x64.ActiveCfg = Release|x64
		{34045349-C4CC-4DC9-BACA-1F639857522C}.Release|x64.Build.0 = Release|x64
		{34045349-C4CC-4DC9-BACA-1F639857522C}.Release|x86.ActiveCfg = Release|Win32
		{34045349-C4CC-4DC9-BACA-1F639857522C}.Release|x86.Build.0 = Release|Win32
		{ADCB1902-DDDA-4EB2-880B-FE4AC649CDA7}.Debug|x64.ActiveCfg = Debug|x64
		{ADCB1902-DDDA-4EB2-880B-FE4AC649CDA7}.Debug|x64.Build.0 = Debug|x64
		{ADCB1902-DDDA-4EB2-880B-FE4AC649CDA7}.Debug|x86.ActiveCfg = Debug|Win32
		{ADCB1902-DDDA-4EB2-880B-FE4AC649CDA7}.Debug|x86.Build.0 = Debug|Win32
		{ADCB1902-DDDA-4EB2-880B-FE4AC649CDA7}.Release|x64.ActiveCfg = Release|x64
		{ADCB1902-DDDA-4EB2-880B-FE4AC649CDA7}.Release|x64.Build.0 = Release|x64
		{ADCB1902-DDDA-4EB2-880B-FE4AC649CDA7}.Release|x86.ActiveCfg = Release|Win32
		{ADCB1902-DDDA-4EB2-880B-FE4AC649CDA7}.Release|x86.Build.0 = Release|Win32
	EndGlobalSection
	GlobalSection(SolutionProperties) = preSolution
		HideSolutionNode = FALSE
	EndGlobalSection
	GlobalSection(ExtensibilityGlobals) = postSolution
		SolutionGuid = {CF2F26E7-871E-4548-B43B-2B8C1131E8AB}
	EndGlobalSection
EndGlobal
